
Microsoft Visual Studio Solution File, Format Version 12.00
# Visual Studio 15
VisualStudioVersion = 15.0.26730.12
MinimumVisualStudioVersion = 10.0.40219.1
Project("{FAE04EC0-301F-11D3-BF4B-00C04F79EFBC}") = "Intersection", "Intersection\Intersection.csproj", "{6FA4B64E-B444-4F69-B193-7534C7FAF4D4}"
EndProject
Global
	GlobalSection(SolutionConfigurationPlatforms) = preSolution
		Debug|Any CPU = Debug|Any CPU
		Release|Any CPU = Release|Any CPU
	EndGlobalSection
	GlobalSection(ProjectConfigurationPlatforms) = postSolution
		{6FA4B64E-B444-4F69-B193-7534C7FAF4D4}.Debug|Any CPU.ActiveCfg = Debug|Any CPU
		{6FA4B64E-B444-4F69-B193-7534C7FAF4D4}.Debug|Any CPU.Build.0 = Debug|Any CPU
		{6FA4B64E-B444-4F69-B193-7534C7FAF4D4}.Release|Any CPU.ActiveCfg = Release|Any CPU
		{6FA4B64E-B444-4F69-B193-7534C7FAF4D4}.Release|Any CPU.Build.0 = Release|Any CPU
	EndGlobalSection
	GlobalSection(SolutionProperties) = preSolution
		HideSolutionNode = FALSE
	EndGlobalSection
	GlobalSection(ExtensibilityGlobals) = postSolution
		SolutionGuid = {28133824-0D3B-4016-BA49-2068F36F7642}
	EndGlobalSection
EndGlobal
